
Microsoft Visual Studio Solution File, Format Version 12.00
# Visual Studio 15
VisualStudioVersion = 15.0.28307.421
MinimumVisualStudioVersion = 10.0.40219.1
Project("{FAE04EC0-301F-11D3-BF4B-00C04F79EFBC}") = "Bondar_Sarkozi_Samuel", "Bondar_Sarkozi_Samuel\Bondar_Sarkozi_Samuel.csproj", "{91C7DAA4-0115-45C3-84EE-CC585F93D455}"
EndProject
Global
	GlobalSection(SolutionConfigurationPlatforms) = preSolution
		Debug|Any CPU = Debug|Any CPU
		Release|Any CPU = Release|Any CPU
	EndGlobalSection
	GlobalSection(ProjectConfigurationPlatforms) = postSolution
		{91C7DAA4-0115-45C3-84EE-CC585F93D455}.Debug|Any CPU.ActiveCfg = Debug|Any CPU
		{91C7DAA4-0115-45C3-84EE-CC585F93D455}.Debug|Any CPU.Build.0 = Debug|Any CPU
		{91C7DAA4-0115-45C3-84EE-CC585F93D455}.Release|Any CPU.ActiveCfg = Release|Any CPU
		{91C7DAA4-0115-45C3-84EE-CC585F93D455}.Release|Any CPU.Build.0 = Release|Any CPU
	EndGlobalSection
	GlobalSection(SolutionProperties) = preSolution
		HideSolutionNode = FALSE
	EndGlobalSection
	GlobalSection(ExtensibilityGlobals) = postSolution
		SolutionGuid = {1A980598-4EDC-483D-AAFD-761ECD73A0DC}
	EndGlobalSection
EndGlobal
